{
  "name": "expense-tracker",
  "version": "1.0.0",
  "lockfileVersion": 3,
  "requires": true,
  "packages": {
    "": {
      "name": "expense-tracker",
      "version": "1.0.0",
      "license": "ISC",
      "dependencies": {
        "@types/node": "^22.10.3",
        "commander": "^13.0.0"
      },
      "bin": {
        "expense-tracker": "bin/index.js"
      },
      "devDependencies": {
        "tsc": "^2.0.4",
        "typescript": "^5.7.2"
      }
    },
    "node_modules/@types/node": {
      "version": "22.10.3",
      "resolved": "https://registry.npmjs.org/@types/node/-/node-22.10.3.tgz",
      "integrity": "sha512-DifAyw4BkrufCILvD3ucnuN8eydUfc/C1GlyrnI+LK6543w5/L3VeVgf05o3B4fqSXP1dKYLOZsKfutpxPzZrw==",
      "dependencies": {
        "undici-types": "~6.20.0"
      }
    },
    "node_modules/commander": {
      "version": "13.0.0",
      "resolved": "https://registry.npmjs.org/commander/-/commander-13.0.0.tgz",
      "integrity": "sha512-oPYleIY8wmTVzkvQq10AEok6YcTC4sRUBl8F9gVuwchGVUCTbl/vhLTaQqutuuySYOsu8YTgV+OxKc/8Yvx+mQ==",
      "engines": {
        "node": ">=18"
      }
    },
    "node_modules/tsc": {
      "version": "2.0.4",
      "resolved": "https://registry.npmjs.org/tsc/-/tsc-2.0.4.tgz",
      "integrity": "sha512-fzoSieZI5KKJVBYGvwbVZs/J5za84f2lSTLPYf6AGiIf43tZ3GNrI1QzTLcjtyDDP4aLxd46RTZq1nQxe7+k5Q==",
      "dev": true,
      "bin": {
        "tsc": "bin/tsc"
      }
    },
    "node_modules/typescript": {
      "version": "5.7.2",
      "resolved": "https://registry.npmjs.org/typescript/-/typescript-5.7.2.tgz",
      "integrity": "sha512-i5t66RHxDvVN40HfDd1PsEThGNnlMCMT3jMUuoh9/0TaqWevNontacunWyN02LA9/fIbEWlcHZcgTKb9QoaLfg==",
      "dev": true,
      "bin": {
        "tsc": "bin/tsc",
        "tsserver": "bin/tsserver"
      },
      "engines": {
        "node": ">=14.17"
      }
    },
    "node_modules/undici-types": {
      "version": "6.20.0",
      "resolved": "https://registry.npmjs.org/undici-types/-/undici-types-6.20.0.tgz",
      "integrity": "sha512-Ny6QZ2Nju20vw1SRHe3d9jVu6gJ+4e3+MMpqu7pqE5HT6WsTSlce++GQmK5UXS8mzV8DSYHrQH+Xrf2jVcuKNg=="
    }
  }
}
